// !$*UTF8*$!
{
	archiveVersion = 1;
	classes = {
	};
	objectVersion = 48;
	objects = {

/* Begin PBXBuildFile section */
		64812B0A201097C5009901E9 /* AppDelegate.swift in Sources */ = {isa = PBXBuildFile; fileRef = 64812B09201097C5009901E9 /* AppDelegate.swift */; };
		64812B0C201097C5009901E9 /* ViewController.swift in Sources */ = {isa = PBXBuildFile; fileRef = 64812B0B201097C5009901E9 /* ViewController.swift */; };
		64812B0F201097C5009901E9 /* Main.storyboard in Resources */ = {isa = PBXBuildFile; fileRef = 64812B0D201097C5009901E9 /* Main.storyboard */; };
		64812B11201097C5009901E9 /* Assets.xcassets in Resources */ = {isa = PBXBuildFile; fileRef = 64812B10201097C5009901E9 /* Assets.xcassets */; };
		64812B14201097C5009901E9 /* LaunchScreen.storyboard in Resources */ = {isa = PBXBuildFile; fileRef = 64812B12201097C5009901E9 /* LaunchScreen.storyboard */; };
		64812B1F201097C5009901E9 /* CollectionView_sariTests.swift in Sources */ = {isa = PBXBuildFile; fileRef = 64812B1E201097C5009901E9 /* CollectionView_sariTests.swift */; };
		64812B2A201097C6009901E9 /* CollectionView_sariUITests.swift in Sources */ = {isa = PBXBuildFile; fileRef = 64812B29201097C6009901E9 /* CollectionView_sariUITests.swift */; };
		64812B522010A32D009901E9 /* 到店地图(2).png in Resources */ = {isa = PBXBuildFile; fileRef = 64812B492010A32C009901E9 /* 到店地图(2).png */; };
		64812B532010A32D009901E9 /* 电话挂机.png in Resources */ = {isa = PBXBuildFile; fileRef = 64812B4A2010A32C009901E9 /* 电话挂机.png */; };
		64812B542010A32D009901E9 /* 到店地图(4).png in Resources */ = {isa = PBXBuildFile; fileRef = 64812B4B2010A32C009901E9 /* 到店地图(4).png */; };
		64812B552010A32D009901E9 /* 到店地图(3).png in Resources */ = {isa = PBXBuildFile; fileRef = 64812B4C2010A32C009901E9 /* 到店地图(3).png */; };
		64812B562010A32D009901E9 /* 到店地图(7).png in Resources */ = {isa = PBXBuildFile; fileRef = 64812B4D2010A32D009901E9 /* 到店地图(7).png */; };
		64812B572010A32D009901E9 /* 到店地图(5).png in Resources */ = {isa = PBXBuildFile; fileRef = 64812B4E2010A32D009901E9 /* 到店地图(5).png */; };
		64812B582010A32D009901E9 /* 到店地图(1).png in Resources */ = {isa = PBXBuildFile; fileRef = 64812B4F2010A32D009901E9 /* 到店地图(1).png */; };
		64812B592010A32D009901E9 /* 到店地图.png in Resources */ = {isa = PBXBuildFile; fileRef = 64812B502010A32D009901E9 /* 到店地图.png */; };
		64812B5A2010A32D009901E9 /* 到店地图(6).png in Resources */ = {isa = PBXBuildFile; fileRef = 64812B512010A32D009901E9 /* 到店地图(6).png */; };
/* End PBXBuildFile section */

/* Begin PBXContainerItemProxy section */
		64812B1B201097C5009901E9 /* PBXContainerItemProxy */ = {
			isa = PBXContainerItemProxy;
			containerPortal = 64812AFE201097C5009901E9 /* Project object */;
			proxyType = 1;
			remoteGlobalIDString = 64812B05201097C5009901E9;
			remoteInfo = CollectionView_sari;
		};
		64812B26201097C6009901E9 /* PBXContainerItemProxy */ = {
			isa = PBXContainerItemProxy;
			containerPortal = 64812AFE201097C5009901E9 /* Project object */;
			proxyType = 1;
			remoteGlobalIDString = 64812B05201097C5009901E9;
			remoteInfo = CollectionView_sari;
		};
/* End PBXContainerItemProxy section */

/* Begin PBXFileReference section */
		64812B06201097C5009901E9 /* CollectionView_sari.app */ = {isa = PBXFileReference; explicitFileType = wrapper.application; includeInIndex = 0; path = CollectionView_sari.app; sourceTree = BUILT_PRODUCTS_DIR; };
		64812B09201097C5009901E9 /* AppDelegate.swift */ = {isa = PBXFileReference; lastKnownFileType = sourcecode.swift; path = AppDelegate.swift; sourceTree = "<group>"; };
		64812B0B201097C5009901E9 /* ViewController.swift */ = {isa = PBXFileReference; lastKnownFileType = sourcecode.swift; path = ViewController.swift; sourceTree = "<group>"; };
		64812B0E201097C5009901E9 /* Base */ = {isa = PBXFileReference; lastKnownFileType = file.storyboard; name = Base; path = Base.lproj/Main.storyboard; sourceTree = "<group>"; };
		64812B10201097C5009901E9 /* Assets.xcassets */ = {isa = PBXFileReference; lastKnownFileType = folder.assetcatalog; path = Assets.xcassets; sourceTree = "<group>"; };
		64812B13201097C5009901E9 /* Base */ = {isa = PBXFileReference; lastKnownFileType = file.storyboard; name = Base; path = Base.lproj/LaunchScreen.storyboard; sourceTree = "<group>"; };
		64812B15201097C5009901E9 /* Info.plist */ = {isa = PBXFileReference; lastKnownFileType = text.plist.xml; path = Info.plist; sourceTree = "<group>"; };
		64812B1A201097C5009901E9 /* CollectionView_sariTests.xctest */ = {isa = PBXFileReference; explicitFileType = wrapper.cfbundle; includeInIndex = 0; path = CollectionView_sariTests.xctest; sourceTree = BUILT_PRODUCTS_DIR; };
		64812B1E201097C5009901E9 /* CollectionView_sariTests.swift */ = {isa = PBXFileReference; lastKnownFileType = sourcecode.swift; path = CollectionView_sariTests.swift; sourceTree = "<group>"; };
		64812B20201097C5009901E9 /* Info.plist */ = {isa = PBXFileReference; lastKnownFileType = text.plist.xml; path = Info.plist; sourceTree = "<group>"; };
		64812B25201097C6009901E9 /* CollectionView_sariUITests.xctest */ = {isa = PBXFileReference; explicitFileType = wrapper.cfbundle; includeInIndex = 0; path = CollectionView_sariUITests.xctest; sourceTree = BUILT_PRODUCTS_DIR; };
		64812B29201097C6009901E9 /* CollectionView_sariUITests.swift */ = {isa = PBXFileReference; lastKnownFileType = sourcecode.swift; path = CollectionView_sariUITests.swift; sourceTree = "<group>"; };
		64812B2B201097C6009901E9 /* Info.plist */ = {isa = PBXFileReference; lastKnownFileType = text.plist.xml; path = Info.plist; sourceTree = "<group>"; };
		64812B492010A32C009901E9 /* 到店地图(2).png */ = {isa = PBXFileReference; lastKnownFileType = image.png; path = "到店地图(2).png"; sourceTree = "<group>"; };
		64812B4A2010A32C009901E9 /* 电话挂机.png */ = {isa = PBXFileReference; lastKnownFileType = image.png; path = "电话挂机.png"; sourceTree = "<group>"; };
		64812B4B2010A32C009901E9 /* 到店地图(4).png */ = {isa = PBXFileReference; lastKnownFileType = image.png; path = "到店地图(4).png"; sourceTree = "<group>"; };
		64812B4C2010A32C009901E9 /* 到店地图(3).png */ = {isa = PBXFileReference; lastKnownFileType = image.png; path = "到店地图(3).png"; sourceTree = "<group>"; };
		64812B4D2010A32D009901E9 /* 到店地图(7).png */ = {isa = PBXFileReference; lastKnownFileType = image.png; path = "到店地图(7).png"; sourceTree = "<group>"; };
		64812B4E2010A32D009901E9 /* 到店地图(5).png */ = {isa = PBXFileReference; lastKnownFileType = image.png; path = "到店地图(5).png"; sourceTree = "<group>"; };
		64812B4F2010A32D009901E9 /* 到店地图(1).png */ = {isa = PBXFileReference; lastKnownFileType = image.png; path = "到店地图(1).png"; sourceTree = "<group>"; };
		64812B502010A32D009901E9 /* 到店地图.png */ = {isa = PBXFileReference; lastKnownFileType = image.png; path = "到店地图.png"; sourceTree = "<group>"; };
		64812B512010A32D009901E9 /* 到店地图(6).png */ = {isa = PBXFileReference; lastKnownFileType = image.png; path = "到店地图(6).png"; sourceTree = "<group>"; };
/* End PBXFileReference section */

/* Begin PBXFrameworksBuildPhase section */
		64812B03201097C5009901E9 /* Frameworks */ = {
			isa = PBXFrameworksBuildPhase;
			buildActionMask = 2147483647;
			files = (
			);
			runOnlyForDeploymentPostprocessing = 0;
		};
		64812B17201097C5009901E9 /* Frameworks */ = {
			isa = PBXFrameworksBuildPhase;
			buildActionMask = 2147483647;
			files = (
			);
			runOnlyForDeploymentPostprocessing = 0;
		};
		64812B22201097C6009901E9 /* Frameworks */ = {
			isa = PBXFrameworksBuildPhase;
			buildActionMask = 2147483647;
			files = (
			);
			runOnlyForDeploymentPostprocessing = 0;
		};
/* End PBXFrameworksBuildPhase section */

/* Begin PBXGroup section */
		64812AFD201097C5009901E9 = {
			isa = PBXGroup;
			children = (
				64812B08201097C5009901E9 /* CollectionView_sari */,
				64812B1D201097C5009901E9 /* CollectionView_sariTests */,
				64812B28201097C6009901E9 /* CollectionView_sariUITests */,
				64812B07201097C5009901E9 /* Products */,
			);
			sourceTree = "<group>";
		};
		64812B07201097C5009901E9 /* Products */ = {
			isa = PBXGroup;
			children = (
				64812B06201097C5009901E9 /* CollectionView_sari.app */,
				64812B1A201097C5009901E9 /* CollectionView_sariTests.xctest */,
				64812B25201097C6009901E9 /* CollectionView_sariUITests.xctest */,
			);
			name = Products;
			sourceTree = "<group>";
		};
		64812B08201097C5009901E9 /* CollectionView_sari */ = {
			isa = PBXGroup;
			children = (
				64812B502010A32D009901E9 /* 到店地图.png */,
				64812B4F2010A32D009901E9 /* 到店地图(1).png */,
				64812B492010A32C009901E9 /* 到店地图(2).png */,
				64812B4C2010A32C009901E9 /* 到店地图(3).png */,
				64812B4B2010A32C009901E9 /* 到店地图(4).png */,
				64812B4E2010A32D009901E9 /* 到店地图(5).png */,
				64812B512010A32D009901E9 /* 到店地图(6).png */,
				64812B4D2010A32D009901E9 /* 到店地图(7).png */,
				64812B4A2010A32C009901E9 /* 电话挂机.png */,
				64812B09201097C5009901E9 /* AppDelegate.swift */,
				64812B0B201097C5009901E9 /* ViewController.swift */,
				64812B0D201097C5009901E9 /* Main.storyboard */,
				64812B10201097C5009901E9 /* Assets.xcassets */,
				64812B12201097C5009901E9 /* LaunchScreen.storyboard */,
				64812B15201097C5009901E9 /* Info.plist */,
			);
			path = CollectionView_sari;
			sourceTree = "<group>";
		};
		64812B1D201097C5009901E9 /* CollectionView_sariTests */ = {
			isa = PBXGroup;
			children = (
				64812B1E201097C5009901E9 /* CollectionView_sariTests.swift */,
				64812B20201097C5009901E9 /* Info.plist */,
			);
			path = CollectionView_sariTests;
			sourceTree = "<group>";
		};
		64812B28201097C6009901E9 /* CollectionView_sariUITests */ = {
			isa = PBXGroup;
			children = (
				64812B29201097C6009901E9 /* CollectionView_sariUITests.swift */,
				64812B2B201097C6009901E9 /* Info.plist */,
			);
			path = CollectionView_sariUITests;
			sourceTree = "<group>";
		};
/* End PBXGroup section */

/* Begin PBXNativeTarget section */
		64812B05201097C5009901E9 /* CollectionView_sari */ = {
			isa = PBXNativeTarget;
			buildConfigurationList = 64812B2E201097C6009901E9 /* Build configuration list for PBXNativeTarget "CollectionView_sari" */;
			buildPhases = (
				64812B02201097C5009901E9 /* Sources */,
				64812B03201097C5009901E9 /* Frameworks */,
				64812B04201097C5009901E9 /* Resources */,
			);
			buildRules = (
			);
			dependencies = (
			);
			name = CollectionView_sari;
			productName = CollectionView_sari;
			productReference = 64812B06201097C5009901E9 /* CollectionView_sari.app */;
			productType = "com.apple.product-type.application";
		};
		64812B19201097C5009901E9 /* CollectionView_sariTests */ = {
			isa = PBXNativeTarget;
			buildConfigurationList = 64812B31201097C6009901E9 /* Build configuration list for PBXNativeTarget "CollectionView_sariTests" */;
			buildPhases = (
				64812B16201097C5009901E9 /* Sources */,
				64812B17201097C5009901E9 /* Frameworks */,
				64812B18201097C5009901E9 /* Resources */,
			);
			buildRules = (
			);
			dependencies = (
				64812B1C201097C5009901E9 /* PBXTargetDependency */,
			);
			name = CollectionView_sariTests;
			productName = CollectionView_sariTests;
			productReference = 64812B1A201097C5009901E9 /* CollectionView_sariTests.xctest */;
			productType = "com.apple.product-type.bundle.unit-test";
		};
		64812B24201097C6009901E9 /* CollectionView_sariUITests */ = {
			isa = PBXNativeTarget;
			buildConfigurationList = 64812B34201097C6009901E9 /* Build configuration list for PBXNativeTarget "CollectionView_sariUITests" */;
			buildPhases = (
				64812B21201097C6009901E9 /* Sources */,
				64812B22201097C6009901E9 /* Frameworks */,
				64812B23201097C6009901E9 /* Resources */,
			);
			buildRules = (
			);
			dependencies = (
				64812B27201097C6009901E9 /* PBXTargetDependency */,
			);
			name = CollectionView_sariUITests;
			productName = CollectionView_sariUITests;
			productReference = 64812B25201097C6009901E9 /* CollectionView_sariUITests.xctest */;
			productType = "com.apple.product-type.bundle.ui-testing";
		};
/* End PBXNativeTarget section */

/* Begin PBXProject section */
		64812AFE201097C5009901E9 /* Project object */ = {
			isa = PBXProject;
			attributes = {
				LastSwiftUpdateCheck = 0920;
				LastUpgradeCheck = 0920;
				ORGANIZATIONNAME = sTagRD;
				TargetAttributes = {
					64812B05201097C5009901E9 = {
						CreatedOnToolsVersion = 9.2;
						ProvisioningStyle = Automatic;
					};
					64812B19201097C5009901E9 = {
						CreatedOnToolsVersion = 9.2;
						ProvisioningStyle = Automatic;
						TestTargetID = 64812B05201097C5009901E9;
					};
					64812B24201097C6009901E9 = {
						CreatedOnToolsVersion = 9.2;
						ProvisioningStyle = Automatic;
						TestTargetID = 64812B05201097C5009901E9;
					};
				};
			};
			buildConfigurationList = 64812B01201097C5009901E9 /* Build configuration list for PBXProject "CollectionView_sari" */;
			compatibilityVersion = "Xcode 8.0";
			developmentRegion = en;
			hasScannedForEncodings = 0;
			knownRegions = (
				en,
				Base,
			);
			mainGroup = 64812AFD201097C5009901E9;
			productRefGroup = 64812B07201097C5009901E9 /* Products */;
			projectDirPath = "";
			projectRoot = "";
			targets = (
				64812B05201097C5009901E9 /* CollectionView_sari */,
				64812B19201097C5009901E9 /* CollectionView_sariTests */,
				64812B24201097C6009901E9 /* CollectionView_sariUITests */,
			);
		};
/* End PBXProject section */

/* Begin PBXResourcesBuildPhase section */
		64812B04201097C5009901E9 /* Resources */ = {
			isa = PBXResourcesBuildPhase;
			buildActionMask = 2147483647;
			files = (
				64812B14201097C5009901E9 /* LaunchScreen.storyboard in Resources */,
				64812B582010A32D009901E9 /* 到店地图(1).png in Resources */,
				64812B5A2010A32D009901E9 /* 到店地图(6).png in Resources */,
				64812B11201097C5009901E9 /* Assets.xcassets in Resources */,
				64812B592010A32D009901E9 /* 到店地图.png in Resources */,
				64812B542010A32D009901E9 /* 到店地图(4).png in Resources */,
				64812B562010A32D009901E9 /* 到店地图(7).png in Resources */,
				64812B522010A32D009901E9 /* 到店地图(2).png in Resources */,
				64812B552010A32D009901E9 /* 到店地图(3).png in Resources */,
				64812B532010A32D009901E9 /* 电话挂机.png in Resources */,
				64812B0F201097C5009901E9 /* Main.storyboard in Resources */,
				64812B572010A32D009901E9 /* 到店地图(5).png in Resources */,
			);
			runOnlyForDeploymentPostprocessing = 0;
		};
		64812B18201097C5009901E9 /* Resources */ = {
			isa = PBXResourcesBuildPhase;
			buildActionMask = 2147483647;
			files = (
			);
			runOnlyForDeploymentPostprocessing = 0;
		};
		64812B23201097C6009901E9 /* Resources */ = {
			isa = PBXResourcesBuildPhase;
			buildActionMask = 2147483647;
			files = (
			);
			runOnlyForDeploymentPostprocessing = 0;
		};
/* End PBXResourcesBuildPhase section */

/* Begin PBXSourcesBuildPhase section */
		64812B02201097C5009901E9 /* Sources */ = {
			isa = PBXSourcesBuildPhase;
			buildActionMask = 2147483647;
			files = (
				64812B0C201097C5009901E9 /* ViewController.swift in Sources */,
				64812B0A201097C5009901E9 /* AppDelegate.swift in Sources */,
			);
			runOnlyForDeploymentPostprocessing = 0;
		};
		64812B16201097C5009901E9 /* Sources */ = {
			isa = PBXSourcesBuildPhase;
			buildActionMask = 2147483647;
			files = (
				64812B1F201097C5009901E9 /* CollectionView_sariTests.swift in Sources */,
			);
			runOnlyForDeploymentPostprocessing = 0;
		};
		64812B21201097C6009901E9 /* Sources */ = {
			isa = PBXSourcesBuildPhase;
			buildActionMask = 2147483647;
			files = (
				64812B2A201097C6009901E9 /* CollectionView_sariUITests.swift in Sources */,
			);
			runOnlyForDeploymentPostprocessing = 0;
		};
/* End PBXSourcesBuildPhase section */

/* Begin PBXTargetDependency section */
		64812B1C201097C5009901E9 /* PBXTargetDependency */ = {
			isa = PBXTargetDependency;
			target = 64812B05201097C5009901E9 /* CollectionView_sari */;
			targetProxy = 64812B1B201097C5009901E9 /* PBXContainerItemProxy */;
		};
		64812B27201097C6009901E9 /* PBXTargetDependency */ = {
			isa = PBXTargetDependency;
			target = 64812B05201097C5009901E9 /* CollectionView_sari */;
			targetProxy = 64812B26201097C6009901E9 /* PBXContainerItemProxy */;
		};
/* End PBXTargetDependency section */

/* Begin PBXVariantGroup section */
		64812B0D201097C5009901E9 /* Main.storyboard */ = {
			isa = PBXVariantGroup;
			children = (
				64812B0E201097C5009901E9 /* Base */,
			);
			name = Main.storyboard;
			sourceTree = "<group>";
		};
		64812B12201097C5009901E9 /* LaunchScreen.storyboard */ = {
			isa = PBXVariantGroup;
			children = (
				64812B13201097C5009901E9 /* Base */,
			);
			name = LaunchScreen.storyboard;
			sourceTree = "<group>";
		};
/* End PBXVariantGroup section */

/* Begin XCBuildConfiguration section */
		64812B2C201097C6009901E9 /* Debug */ = {
			isa = XCBuildConfiguration;
			buildSettings = {
				ALWAYS_SEARCH_USER_PATHS = NO;
				CLANG_ANALYZER_NONNULL = YES;
				CLANG_ANALYZER_NUMBER_OBJECT_CONVERSION = YES_AGGRESSIVE;
				CLANG_CXX_LANGUAGE_STANDARD = "gnu++14";
				CLANG_CXX_LIBRARY = "libc++";
				CLANG_ENABLE_MODULES = YES;
				CLANG_ENABLE_OBJC_ARC = YES;
				CLANG_WARN_BLOCK_CAPTURE_AUTORELEASING = YES;
				CLANG_WARN_BOOL_CONVERSION = YES;
				CLANG_WARN_COMMA = YES;
				CLANG_WARN_CONSTANT_CONVERSION = YES;
				CLANG_WARN_DIRECT_OBJC_ISA_USAGE = YES_ERROR;
				CLANG_WARN_DOCUMENTATION_COMMENTS = YES;
				CLANG_WARN_EMPTY_BODY = YES;
				CLANG_WARN_ENUM_CONVERSION = YES;
				CLANG_WARN_INFINITE_RECURSION = YES;
				CLANG_WARN_INT_CONVERSION = YES;
				CLANG_WARN_NON_LITERAL_NULL_CONVERSION = YES;
				CLANG_WARN_OBJC_LITERAL_CONVERSION = YES;
				CLANG_WARN_OBJC_ROOT_CLASS = YES_ERROR;
				CLANG_WARN_RANGE_LOOP_ANALYSIS = YES;
				CLANG_WARN_STRICT_PROTOTYPES = YES;
				CLANG_WARN_SUSPICIOUS_MOVE = YES;
				CLANG_WARN_UNGUARDED_AVAILABILITY = YES_AGGRESSIVE;
				CLANG_WARN_UNREACHABLE_CODE = YES;
				CLANG_WARN__DUPLICATE_METHOD_MATCH = YES;
				CODE_SIGN_IDENTITY = "iPhone Developer";
				COPY_PHASE_STRIP = NO;
				DEBUG_INFORMATION_FORMAT = dwarf;
				ENABLE_STRICT_OBJC_MSGSEND = YES;
				ENABLE_TESTABILITY = YES;
				GCC_C_LANGUAGE_STANDARD = gnu11;
				GCC_DYNAMIC_NO_PIC = NO;
				GCC_NO_COMMON_BLOCKS = YES;
				GCC_OPTIMIZATION_LEVEL = 0;
				GCC_PREPROCESSOR_DEFINITIONS = (
					"DEBUG=1",
					"$(inherited)",
				);
				GCC_WARN_64_TO_32_BIT_CONVERSION = YES;
				GCC_WARN_ABOUT_RETURN_TYPE = YES_ERROR;
				GCC_WARN_UNDECLARED_SELECTOR = YES;
				GCC_WARN_UNINITIALIZED_AUTOS = YES_AGGRESSIVE;
				GCC_WARN_UNUSED_FUNCTION = YES;
				GCC_WARN_UNUSED_VARIABLE = YES;
				IPHONEOS_DEPLOYMENT_TARGET = 11.2;
				MTL_ENABLE_DEBUG_INFO = YES;
				ONLY_ACTIVE_ARCH = YES;
				SDKROOT = iphoneos;
				SWIFT_ACTIVE_COMPILATION_CONDITIONS = DEBUG;
				SWIFT_OPTIMIZATION_LEVEL = "-Onone";
			};
			name = Debug;
		};
		64812B2D201097C6009901E9 /* Release */ = {
			isa = XCBuildConfiguration;
			buildSettings = {
				ALWAYS_SEARCH_USER_PATHS = NO;
				CLANG_ANALYZER_NONNULL = YES;
				CLANG_ANALYZER_NUMBER_OBJECT_CONVERSION = YES_AGGRESSIVE;
				CLANG_CXX_LANGUAGE_STANDARD = "gnu++14";
				CLANG_CXX_LIBRARY = "libc++";
				CLANG_ENABLE_MODULES = YES;
				CLANG_ENABLE_OBJC_ARC = YES;
				CLANG_WARN_BLOCK_CAPTURE_AUTORELEASING = YES;
				CLANG_WARN_BOOL_CONVERSION = YES;
				CLANG_WARN_COMMA = YES;
				CLANG_WARN_CONSTANT_CONVERSION = YES;
				CLANG_WARN_DIRECT_OBJC_ISA_USAGE = YES_ERROR;
				CLANG_WARN_DOCUMENTATION_COMMENTS = YES;
				CLANG_WARN_EMPTY_BODY = YES;
				CLANG_WARN_ENUM_CONVERSION = YES;
				CLANG_WARN_INFINITE_RECURSION = YES;
				CLANG_WARN_INT_CONVERSION = YES;
				CLANG_WARN_NON_LITERAL_NULL_CONVERSION = YES;
				CLANG_WARN_OBJC_LITERAL_CONVERSION = YES;
				CLANG_WARN_OBJC_ROOT_CLASS = YES_ERROR;
				CLANG_WARN_RANGE_LOOP_ANALYSIS = YES;
				CLANG_WARN_STRICT_PROTOTYPES = YES;
				CLANG_WARN_SUSPICIOUS_MOVE = YES;
				CLANG_WARN_UNGUARDED_AVAILABILITY = YES_AGGRESSIVE;
				CLANG_WARN_UNREACHABLE_CODE = YES;
				CLANG_WARN__DUPLICATE_METHOD_MATCH = YES;
				CODE_SIGN_IDENTITY = "iPhone Developer";
				COPY_PHASE_STRIP = NO;
				DEBUG_INFORMATION_FORMAT = "dwarf-with-dsym";
				ENABLE_NS_ASSERTIONS = NO;
				ENABLE_STRICT_OBJC_MSGSEND = YES;
				GCC_C_LANGUAGE_STANDARD = gnu11;
				GCC_NO_COMMON_BLOCKS = YES;
				GCC_WARN_64_TO_32_BIT_CONVERSION = YES;
				GCC_WARN_ABOUT_RETURN_TYPE = YES_ERROR;
				GCC_WARN_UNDECLARED_SELECTOR = YES;
				GCC_WARN_UNINITIALIZED_AUTOS = YES_AGGRESSIVE;
				GCC_WARN_UNUSED_FUNCTION = YES;
				GCC_WARN_UNUSED_VARIABLE = YES;
				IPHONEOS_DEPLOYMENT_TARGET = 11.2;
				MTL_ENABLE_DEBUG_INFO = NO;
				SDKROOT = iphoneos;
				SWIFT_OPTIMIZATION_LEVEL = "-Owholemodule";
				VALIDATE_PRODUCT = YES;
			};
			name = Release;
		};
		64812B2F201097C6009901E9 /* Debug */ = {
			isa = XCBuildConfiguration;
			buildSettings = {
				ASSETCATALOG_COMPILER_APPICON_NAME = AppIcon;
				CODE_SIGN_STYLE = Automatic;
				DEVELOPMENT_TEAM = 99F8JJT6QU;
				INFOPLIST_FILE = CollectionView_sari/Info.plist;
				LD_RUNPATH_SEARCH_PATHS = "$(inherited) @executable_path/Frameworks";
				PRODUCT_BUNDLE_IDENTIFIER = "sari.LaoTie.CollectionView-sari";
				PRODUCT_NAME = "$(TARGET_NAME)";
				SWIFT_VERSION = 4.0;
				TARGETED_DEVICE_FAMILY = "1,2";
			};
			name = Debug;
		};
		64812B30201097C6009901E9 /* Release */ = {
			isa = XCBuildConfiguration;
			buildSettings = {
				ASSETCATALOG_COMPILER_APPICON_NAME = AppIcon;
				CODE_SIGN_STYLE = Automatic;
				DEVELOPMENT_TEAM = 99F8JJT6QU;
				INFOPLIST_FILE = CollectionView_sari/Info.plist;
				LD_RUNPATH_SEARCH_PATHS = "$(inherited) @executable_path/Frameworks";
				PRODUCT_BUNDLE_IDENTIFIER = "sari.LaoTie.CollectionView-sari";
				PRODUCT_NAME = "$(TARGET_NAME)";
				SWIFT_VERSION = 4.0;
				TARGETED_DEVICE_FAMILY = "1,2";
			};
			name = Release;
		};
		64812B32201097C6009901E9 /* Debug */ = {
			isa = XCBuildConfiguration;
			buildSettings = {
				ALWAYS_EMBED_SWIFT_STANDARD_LIBRARIES = YES;
				BUNDLE_LOADER = "$(TEST_HOST)";
				CODE_SIGN_STYLE = Automatic;
				DEVELOPMENT_TEAM = 99F8JJT6QU;
				INFOPLIST_FILE = CollectionView_sariTests/Info.plist;
				LD_RUNPATH_SEARCH_PATHS = "$(inherited) @executable_path/Frameworks @loader_path/Frameworks";
				PRODUCT_BUNDLE_IDENTIFIER = "sari.LaoTie.CollectionView-sariTests";
				PRODUCT_NAME = "$(TARGET_NAME)";
				SWIFT_VERSION = 4.0;
				TARGETED_DEVICE_FAMILY = "1,2";
				TEST_HOST = "$(BUILT_PRODUCTS_DIR)/CollectionView_sari.app/CollectionView_sari";
			};
			name = Debug;
		};
		64812B33201097C6009901E9 /* Release */ = {
			isa = XCBuildConfiguration;
			buildSettings = {
				ALWAYS_EMBED_SWIFT_STANDARD_LIBRARIES = YES;
				BUNDLE_LOADER = "$(TEST_HOST)";
				CODE_SIGN_STYLE = Automatic;
				DEVELOPMENT_TEAM = 99F8JJT6QU;
				INFOPLIST_FILE = CollectionView_sariTests/Info.plist;
				LD_RUNPATH_SEARCH_PATHS = "$(inherited) @executable_path/Frameworks @loader_path/Frameworks";
				PRODUCT_BUNDLE_IDENTIFIER = "sari.LaoTie.CollectionView-sariTests";
				PRODUCT_NAME = "$(TARGET_NAME)";
				SWIFT_VERSION = 4.0;
				TARGETED_DEVICE_FAMILY = "1,2";
				TEST_HOST = "$(BUILT_PRODUCTS_DIR)/CollectionView_sari.app/CollectionView_sari";
			};
			name = Release;
		};
		64812B35201097C6009901E9 /* Debug */ = {
			isa = XCBuildConfiguration;
			buildSettings = {
				ALWAYS_EMBED_SWIFT_STANDARD_LIBRARIES = YES;
				CODE_SIGN_STYLE = Automatic;
				DEVELOPMENT_TEAM = 99F8JJT6QU;
				INFOPLIST_FILE = CollectionView_sariUITests/Info.plist;
				LD_RUNPATH_SEARCH_PATHS = "$(inherited) @executable_path/Frameworks @loader_path/Frameworks";
				PRODUCT_BUNDLE_IDENTIFIER = "sari.LaoTie.CollectionView-sariUITests";
				PRODUCT_NAME = "$(TARGET_NAME)";
				SWIFT_VERSION = 4.0;
				TARGETED_DEVICE_FAMILY = "1,2";
				TEST_TARGET_NAME = CollectionView_sari;
			};
			name = Debug;
		};
		64812B36201097C6009901E9 /* Release */ = {
			isa = XCBuildConfiguration;
			buildSettings = {
				ALWAYS_EMBED_SWIFT_STANDARD_LIBRARIES = YES;
				CODE_SIGN_STYLE = Automatic;
				DEVELOPMENT_TEAM = 99F8JJT6QU;
				INFOPLIST_FILE = CollectionView_sariUITests/Info.plist;
				LD_RUNPATH_SEARCH_PATHS = "$(inherited) @executable_path/Frameworks @loader_path/Frameworks";
				PRODUCT_BUNDLE_IDENTIFIER = "sari.LaoTie.CollectionView-sariUITests";
				PRODUCT_NAME = "$(TARGET_NAME)";
				SWIFT_VERSION = 4.0;
				TARGETED_DEVICE_FAMILY = "1,2";
				TEST_TARGET_NAME = CollectionView_sari;
			};
			name = Release;
		};
/* End XCBuildConfiguration section */

/* Begin XCConfigurationList section */
		64812B01201097C5009901E9 /* Build configuration list for PBXProject "CollectionView_sari" */ = {
			isa = XCConfigurationList;
			buildConfigurations = (
				64812B2C201097C6009901E9 /* Debug */,
				64812B2D201097C6009901E9 /* Release */,
			);
			defaultConfigurationIsVisible = 0;
			defaultConfigurationName = Release;
		};
		64812B2E201097C6009901E9 /* Build configuration list for PBXNativeTarget "CollectionView_sari" */ = {
			isa = XCConfigurationList;
			buildConfigurations = (
				64812B2F201097C6009901E9 /* Debug */,
				64812B30201097C6009901E9 /* Release */,
			);
			defaultConfigurationIsVisible = 0;
			defaultConfigurationName = Release;
		};
		64812B31201097C6009901E9 /* Build configuration list for PBXNativeTarget "CollectionView_sariTests" */ = {
			isa = XCConfigurationList;
			buildConfigurations = (
				64812B32201097C6009901E9 /* Debug */,
				64812B33201097C6009901E9 /* Release */,
			);
			defaultConfigurationIsVisible = 0;
			defaultConfigurationName = Release;
		};
		64812B34201097C6009901E9 /* Build configuration list for PBXNativeTarget "CollectionView_sariUITests" */ = {
			isa = XCConfigurationList;
			buildConfigurations = (
				64812B35201097C6009901E9 /* Debug */,
				64812B36201097C6009901E9 /* Release */,
			);
			defaultConfigurationIsVisible = 0;
			defaultConfigurationName = Release;
		};
/* End XCConfigurationList section */
	};
	rootObject = 64812AFE201097C5009901E9 /* Project object */;
}
